
Microsoft Visual Studio Solution File, Format Version 12.00
# Visual Studio Version 16
VisualStudioVersion = 16.0.32228.343
MinimumVisualStudioVersion = 10.0.40219.1
Project("{FAE04EC0-301F-11D3-BF4B-00C04F79EFBC}") = "Task-1", "Task-1\Task-1.csproj", "{AF78413F-E7D0-47D1-BC06-D8B9ED5163CB}"
EndProject
Global
	GlobalSection(SolutionConfigurationPlatforms) = preSolution
		Debug|Any CPU = Debug|Any CPU
		Release|Any CPU = Release|Any CPU
	EndGlobalSection
	GlobalSection(ProjectConfigurationPlatforms) = postSolution
		{AF78413F-E7D0-47D1-BC06-D8B9ED5163CB}.Debug|Any CPU.ActiveCfg = Debug|Any CPU
		{AF78413F-E7D0-47D1-BC06-D8B9ED5163CB}.Debug|Any CPU.Build.0 = Debug|Any CPU
		{AF78413F-E7D0-47D1-BC06-D8B9ED5163CB}.Release|Any CPU.ActiveCfg = Release|Any CPU
		{AF78413F-E7D0-47D1-BC06-D8B9ED5163CB}.Release|Any CPU.Build.0 = Release|Any CPU
	EndGlobalSection
	GlobalSection(SolutionProperties) = preSolution
		HideSolutionNode = FALSE
	EndGlobalSection
	GlobalSection(ExtensibilityGlobals) = postSolution
		SolutionGuid = {C24807C3-48FB-4426-BA11-1F43C1C1B54E}
	EndGlobalSection
EndGlobal
